
Microsoft Visual Studio Solution File, Format Version 12.00
Project("{2150E333-8FDC-42A3-9474-1A3956D46DE8}") = "src", "src", "{1A58C0A9-20AE-40D8-9A77-504C6C2DAB4F}"
EndProject
Project("{FAE04EC0-301F-11D3-BF4B-00C04F79EFBC}") = "Application.Abstraction", "src\Application.Abstraction\Application.Abstraction.csproj", "{2DE5EABD-B351-499F-AFA4-40000F355167}"
EndProject
Project("{FAE04EC0-301F-11D3-BF4B-00C04F79EFBC}") = "Infrastructure", "src\Infrastructure\Infrastructure.csproj", "{67724D81-45BB-426D-912D-3117672630E1}"
EndProject
Project("{FAE04EC0-301F-11D3-BF4B-00C04F79EFBC}") = "Hosting.Web", "src\Hosting.Web\Hosting.Web.csproj", "{DC4CAE0A-7237-45E1-9364-3F9367A78716}"
EndProject
Project("{FAE04EC0-301F-11D3-BF4B-00C04F79EFBC}") = "Application.UseCases", "src\Application.UseCases\Application.UseCases.csproj", "{CA9C8721-9C69-405D-9BBC-8C40F3F45EA3}"
EndProject
Project("{FAE04EC0-301F-11D3-BF4B-00C04F79EFBC}") = "Infrastructure.Services", "src\Infrastructure.Services\Infrastructure.Services.csproj", "{832E2E7F-4E92-47D9-9A1A-442FE9E3CD76}"
EndProject
Project("{FAE04EC0-301F-11D3-BF4B-00C04F79EFBC}") = "Domain.Entities", "src\Domain.Entities\Domain.Entities.csproj", "{A1F6F7A0-E9A1-416F-9F75-66192AC4BAFB}"
EndProject
Project("{FAE04EC0-301F-11D3-BF4B-00C04F79EFBC}") = "Infrastructure.Scraper", "src\Infrastructure.Scraper\Infrastructure.Scraper.csproj", "{08CB677F-0A7D-4B3B-851A-6CB0A6429EAC}"
EndProject
Project("{FAE04EC0-301F-11D3-BF4B-00C04F79EFBC}") = "Infrastructure.Parser", "src\Infrastructure.Parser\Infrastructure.Parser.csproj", "{28DC1CDE-B830-4093-B4AA-66342933A9BB}"
EndProject
Project("{FAE04EC0-301F-11D3-BF4B-00C04F79EFBC}") = "Application.Common", "src\Application.Common\Application.Common.csproj", "{2D95A055-027A-4FEC-AE58-D0839B915DD2}"
EndProject
Project("{FAE04EC0-301F-11D3-BF4B-00C04F79EFBC}") = "Infrastructure.Persistence", "src\Infrastructure.Persistence\Infrastructure.Persistence.csproj", "{D44AEBA2-359A-47EB-A453-47C289561675}"
EndProject
Project("{FAE04EC0-301F-11D3-BF4B-00C04F79EFBC}") = "Domain.Abstraction", "src\Domain.Abstraction\Domain.Abstraction.csproj", "{2F7E923C-C1F2-437E-9E3F-3E4713C4CE67}"
EndProject
Project("{2150E333-8FDC-42A3-9474-1A3956D46DE8}") = "Application", "Application", "{E14B96A4-2D47-4846-96F8-E72E82BDE3A7}"
EndProject
Project("{2150E333-8FDC-42A3-9474-1A3956D46DE8}") = "Domain", "Domain", "{649DA91F-70A3-423A-87DF-93B54B4F1C90}"
EndProject
Project("{2150E333-8FDC-42A3-9474-1A3956D46DE8}") = "Persistence", "Persistence", "{781EBB05-FBF4-4E18-A117-39024E9025E9}"
EndProject
Project("{2150E333-8FDC-42A3-9474-1A3956D46DE8}") = "Hosting", "Hosting", "{8F6FDF9E-AE96-45E3-A4EF-4695A136C3C4}"
EndProject
Project("{2150E333-8FDC-42A3-9474-1A3956D46DE8}") = "InfrastructureServices", "InfrastructureServices", "{51ABBC70-9396-4A9F-B6EB-4318C383AD9A}"
EndProject
Project("{2150E333-8FDC-42A3-9474-1A3956D46DE8}") = "Infrastructure", "Infrastructure", "{66EAB3FC-796C-45D4-BDA0-7C5AE096CF59}"
EndProject
Project("{2150E333-8FDC-42A3-9474-1A3956D46DE8}") = "UseCases", "UseCases", "{63F3BF70-A935-4452-B40F-80C51D085EEB}"
EndProject
Global
	GlobalSection(SolutionConfigurationPlatforms) = preSolution
		Debug|Any CPU = Debug|Any CPU
		Release|Any CPU = Release|Any CPU
	EndGlobalSection
	GlobalSection(NestedProjects) = preSolution
		{E14B96A4-2D47-4846-96F8-E72E82BDE3A7} = {1A58C0A9-20AE-40D8-9A77-504C6C2DAB4F}
		{2DE5EABD-B351-499F-AFA4-40000F355167} = {E14B96A4-2D47-4846-96F8-E72E82BDE3A7}
		{2D95A055-027A-4FEC-AE58-D0839B915DD2} = {E14B96A4-2D47-4846-96F8-E72E82BDE3A7}
		{649DA91F-70A3-423A-87DF-93B54B4F1C90} = {1A58C0A9-20AE-40D8-9A77-504C6C2DAB4F}
		{2F7E923C-C1F2-437E-9E3F-3E4713C4CE67} = {649DA91F-70A3-423A-87DF-93B54B4F1C90}
		{A1F6F7A0-E9A1-416F-9F75-66192AC4BAFB} = {649DA91F-70A3-423A-87DF-93B54B4F1C90}
		{781EBB05-FBF4-4E18-A117-39024E9025E9} = {1A58C0A9-20AE-40D8-9A77-504C6C2DAB4F}
		{D44AEBA2-359A-47EB-A453-47C289561675} = {781EBB05-FBF4-4E18-A117-39024E9025E9}
		{8F6FDF9E-AE96-45E3-A4EF-4695A136C3C4} = {1A58C0A9-20AE-40D8-9A77-504C6C2DAB4F}
		{DC4CAE0A-7237-45E1-9364-3F9367A78716} = {8F6FDF9E-AE96-45E3-A4EF-4695A136C3C4}
		{51ABBC70-9396-4A9F-B6EB-4318C383AD9A} = {1A58C0A9-20AE-40D8-9A77-504C6C2DAB4F}
		{28DC1CDE-B830-4093-B4AA-66342933A9BB} = {51ABBC70-9396-4A9F-B6EB-4318C383AD9A}
		{08CB677F-0A7D-4B3B-851A-6CB0A6429EAC} = {51ABBC70-9396-4A9F-B6EB-4318C383AD9A}
		{832E2E7F-4E92-47D9-9A1A-442FE9E3CD76} = {51ABBC70-9396-4A9F-B6EB-4318C383AD9A}
		{66EAB3FC-796C-45D4-BDA0-7C5AE096CF59} = {1A58C0A9-20AE-40D8-9A77-504C6C2DAB4F}
		{67724D81-45BB-426D-912D-3117672630E1} = {66EAB3FC-796C-45D4-BDA0-7C5AE096CF59}
		{63F3BF70-A935-4452-B40F-80C51D085EEB} = {1A58C0A9-20AE-40D8-9A77-504C6C2DAB4F}
		{CA9C8721-9C69-405D-9BBC-8C40F3F45EA3} = {63F3BF70-A935-4452-B40F-80C51D085EEB}
	EndGlobalSection
	GlobalSection(ProjectConfigurationPlatforms) = postSolution
		{2DE5EABD-B351-499F-AFA4-40000F355167}.Debug|Any CPU.ActiveCfg = Debug|Any CPU
		{2DE5EABD-B351-499F-AFA4-40000F355167}.Debug|Any CPU.Build.0 = Debug|Any CPU
		{2DE5EABD-B351-499F-AFA4-40000F355167}.Release|Any CPU.ActiveCfg = Release|Any CPU
		{2DE5EABD-B351-499F-AFA4-40000F355167}.Release|Any CPU.Build.0 = Release|Any CPU
		{67724D81-45BB-426D-912D-3117672630E1}.Debug|Any CPU.ActiveCfg = Debug|Any CPU
		{67724D81-45BB-426D-912D-3117672630E1}.Debug|Any CPU.Build.0 = Debug|Any CPU
		{67724D81-45BB-426D-912D-3117672630E1}.Release|Any CPU.ActiveCfg = Release|Any CPU
		{67724D81-45BB-426D-912D-3117672630E1}.Release|Any CPU.Build.0 = Release|Any CPU
		{DC4CAE0A-7237-45E1-9364-3F9367A78716}.Debug|Any CPU.ActiveCfg = Debug|Any CPU
		{DC4CAE0A-7237-45E1-9364-3F9367A78716}.Debug|Any CPU.Build.0 = Debug|Any CPU
		{DC4CAE0A-7237-45E1-9364-3F9367A78716}.Release|Any CPU.ActiveCfg = Release|Any CPU
		{DC4CAE0A-7237-45E1-9364-3F9367A78716}.Release|Any CPU.Build.0 = Release|Any CPU
		{CA9C8721-9C69-405D-9BBC-8C40F3F45EA3}.Debug|Any CPU.ActiveCfg = Debug|Any CPU
		{CA9C8721-9C69-405D-9BBC-8C40F3F45EA3}.Debug|Any CPU.Build.0 = Debug|Any CPU
		{CA9C8721-9C69-405D-9BBC-8C40F3F45EA3}.Release|Any CPU.ActiveCfg = Release|Any CPU
		{CA9C8721-9C69-405D-9BBC-8C40F3F45EA3}.Release|Any CPU.Build.0 = Release|Any CPU
		{832E2E7F-4E92-47D9-9A1A-442FE9E3CD76}.Debug|Any CPU.ActiveCfg = Debug|Any CPU
		{832E2E7F-4E92-47D9-9A1A-442FE9E3CD76}.Debug|Any CPU.Build.0 = Debug|Any CPU
		{832E2E7F-4E92-47D9-9A1A-442FE9E3CD76}.Release|Any CPU.ActiveCfg = Release|Any CPU
		{832E2E7F-4E92-47D9-9A1A-442FE9E3CD76}.Release|Any CPU.Build.0 = Release|Any CPU
		{A1F6F7A0-E9A1-416F-9F75-66192AC4BAFB}.Debug|Any CPU.ActiveCfg = Debug|Any CPU
		{A1F6F7A0-E9A1-416F-9F75-66192AC4BAFB}.Debug|Any CPU.Build.0 = Debug|Any CPU
		{A1F6F7A0-E9A1-416F-9F75-66192AC4BAFB}.Release|Any CPU.ActiveCfg = Release|Any CPU
		{A1F6F7A0-E9A1-416F-9F75-66192AC4BAFB}.Release|Any CPU.Build.0 = Release|Any CPU
		{08CB677F-0A7D-4B3B-851A-6CB0A6429EAC}.Debug|Any CPU.ActiveCfg = Debug|Any CPU
		{08CB677F-0A7D-4B3B-851A-6CB0A6429EAC}.Debug|Any CPU.Build.0 = Debug|Any CPU
		{08CB677F-0A7D-4B3B-851A-6CB0A6429EAC}.Release|Any CPU.ActiveCfg = Release|Any CPU
		{08CB677F-0A7D-4B3B-851A-6CB0A6429EAC}.Release|Any CPU.Build.0 = Release|Any CPU
		{28DC1CDE-B830-4093-B4AA-66342933A9BB}.Debug|Any CPU.ActiveCfg = Debug|Any CPU
		{28DC1CDE-B830-4093-B4AA-66342933A9BB}.Debug|Any CPU.Build.0 = Debug|Any CPU
		{28DC1CDE-B830-4093-B4AA-66342933A9BB}.Release|Any CPU.ActiveCfg = Release|Any CPU
		{28DC1CDE-B830-4093-B4AA-66342933A9BB}.Release|Any CPU.Build.0 = Release|Any CPU
		{2D95A055-027A-4FEC-AE58-D0839B915DD2}.Debug|Any CPU.ActiveCfg = Debug|Any CPU
		{2D95A055-027A-4FEC-AE58-D0839B915DD2}.Debug|Any CPU.Build.0 = Debug|Any CPU
		{2D95A055-027A-4FEC-AE58-D0839B915DD2}.Release|Any CPU.ActiveCfg = Release|Any CPU
		{2D95A055-027A-4FEC-AE58-D0839B915DD2}.Release|Any CPU.Build.0 = Release|Any CPU
		{D44AEBA2-359A-47EB-A453-47C289561675}.Debug|Any CPU.ActiveCfg = Debug|Any CPU
		{D44AEBA2-359A-47EB-A453-47C289561675}.Debug|Any CPU.Build.0 = Debug|Any CPU
		{D44AEBA2-359A-47EB-A453-47C289561675}.Release|Any CPU.ActiveCfg = Release|Any CPU
		{D44AEBA2-359A-47EB-A453-47C289561675}.Release|Any CPU.Build.0 = Release|Any CPU
		{2F7E923C-C1F2-437E-9E3F-3E4713C4CE67}.Debug|Any CPU.ActiveCfg = Debug|Any CPU
		{2F7E923C-C1F2-437E-9E3F-3E4713C4CE67}.Debug|Any CPU.Build.0 = Debug|Any CPU
		{2F7E923C-C1F2-437E-9E3F-3E4713C4CE67}.Release|Any CPU.ActiveCfg = Release|Any CPU
		{2F7E923C-C1F2-437E-9E3F-3E4713C4CE67}.Release|Any CPU.Build.0 = Release|Any CPU
	EndGlobalSection
EndGlobal
